
Microsoft Visual Studio Solution File, Format Version 12.00
# Visual Studio 15
VisualStudioVersion = 15.0.27703.2035
MinimumVisualStudioVersion = 10.0.40219.1
Project("{FAE04EC0-301F-11D3-BF4B-00C04F79EFBC}") = "Anket2", "Anket2\Anket2.csproj", "{B5267A7D-422C-4254-84B0-1F9873C5C03B}"
EndProject
Global
	GlobalSection(SolutionConfigurationPlatforms) = preSolution
		Debug|Any CPU = Debug|Any CPU
		Release|Any CPU = Release|Any CPU
	EndGlobalSection
	GlobalSection(ProjectConfigurationPlatforms) = postSolution
		{B5267A7D-422C-4254-84B0-1F9873C5C03B}.Debug|Any CPU.ActiveCfg = Debug|Any CPU
		{B5267A7D-422C-4254-84B0-1F9873C5C03B}.Debug|Any CPU.Build.0 = Debug|Any CPU
		{B5267A7D-422C-4254-84B0-1F9873C5C03B}.Release|Any CPU.ActiveCfg = Release|Any CPU
		{B5267A7D-422C-4254-84B0-1F9873C5C03B}.Release|Any CPU.Build.0 = Release|Any CPU
	EndGlobalSection
	GlobalSection(SolutionProperties) = preSolution
		HideSolutionNode = FALSE
	EndGlobalSection
	GlobalSection(ExtensibilityGlobals) = postSolution
		SolutionGuid = {E0AF11CA-D3E3-4656-BA1E-EE7AC7334990}
	EndGlobalSection
EndGlobal
